
Microsoft Visual Studio Solution File, Format Version 12.00
# Visual Studio Version 16
VisualStudioVersion = 16.0.31025.194
MinimumVisualStudioVersion = 10.0.40219.1
Project("{9A19103F-16F7-4668-BE54-9A1E7A4F7556}") = "Tessaract.Console.Ali", "Tessaract.Console.Ali.csproj", "{F157AE64-4F9E-4375-9D12-6403E882D1BB}"
EndProject
Global
	GlobalSection(SolutionConfigurationPlatforms) = preSolution
		Debug|Any CPU = Debug|Any CPU
		Release|Any CPU = Release|Any CPU
	EndGlobalSection
	GlobalSection(ProjectConfigurationPlatforms) = postSolution
		{F157AE64-4F9E-4375-9D12-6403E882D1BB}.Debug|Any CPU.ActiveCfg = Debug|Any CPU
		{F157AE64-4F9E-4375-9D12-6403E882D1BB}.Debug|Any CPU.Build.0 = Debug|Any CPU
		{F157AE64-4F9E-4375-9D12-6403E882D1BB}.Release|Any CPU.ActiveCfg = Release|Any CPU
		{F157AE64-4F9E-4375-9D12-6403E882D1BB}.Release|Any CPU.Build.0 = Release|Any CPU
	EndGlobalSection
	GlobalSection(SolutionProperties) = preSolution
		HideSolutionNode = FALSE
	EndGlobalSection
	GlobalSection(ExtensibilityGlobals) = postSolution
		SolutionGuid = {7A882D5D-78AE-436F-91C0-75B61305EE58}
	EndGlobalSection
EndGlobal
